
Microsoft Visual Studio Solution File, Format Version 12.00
# Visual Studio Version 17
VisualStudioVersion = 17.11.34909.67
MinimumVisualStudioVersion = 10.0.40219.1
Project("{2150E333-8FDC-42A3-9474-1A3956D46DE8}") = "src", "src", "{1773DF41-6537-482C-82FA-464308117AA0}"
EndProject
Project("{9A19103F-16F7-4668-BE54-9A1E7A4F7556}") = "VocabHero", "src\VocabHero\VocabHero.csproj", "{E94B0293-5833-4D3C-BB9B-B6AE8B2AC8F6}"
EndProject
Project("{9A19103F-16F7-4668-BE54-9A1E7A4F7556}") = "VocabHero.Client", "src\VocabHero.Client\VocabHero.Client.csproj", "{423D30CB-299A-4013-944A-94A5B94086EF}"
EndProject
Global
	GlobalSection(SolutionConfigurationPlatforms) = preSolution
		Debug|Any CPU = Debug|Any CPU
		Release|Any CPU = Release|Any CPU
	EndGlobalSection
	GlobalSection(ProjectConfigurationPlatforms) = postSolution
		{E94B0293-5833-4D3C-BB9B-B6AE8B2AC8F6}.Debug|Any CPU.ActiveCfg = Debug|Any CPU
		{E94B0293-5833-4D3C-BB9B-B6AE8B2AC8F6}.Debug|Any CPU.Build.0 = Debug|Any CPU
		{E94B0293-5833-4D3C-BB9B-B6AE8B2AC8F6}.Release|Any CPU.ActiveCfg = Release|Any CPU
		{E94B0293-5833-4D3C-BB9B-B6AE8B2AC8F6}.Release|Any CPU.Build.0 = Release|Any CPU
		{423D30CB-299A-4013-944A-94A5B94086EF}.Debug|Any CPU.ActiveCfg = Debug|Any CPU
		{423D30CB-299A-4013-944A-94A5B94086EF}.Debug|Any CPU.Build.0 = Debug|Any CPU
		{423D30CB-299A-4013-944A-94A5B94086EF}.Release|Any CPU.ActiveCfg = Release|Any CPU
		{423D30CB-299A-4013-944A-94A5B94086EF}.Release|Any CPU.Build.0 = Release|Any CPU
	EndGlobalSection
	GlobalSection(SolutionProperties) = preSolution
		HideSolutionNode = FALSE
	EndGlobalSection
	GlobalSection(NestedProjects) = preSolution
		{E94B0293-5833-4D3C-BB9B-B6AE8B2AC8F6} = {1773DF41-6537-482C-82FA-464308117AA0}
		{423D30CB-299A-4013-944A-94A5B94086EF} = {1773DF41-6537-482C-82FA-464308117AA0}
	EndGlobalSection
	GlobalSection(ExtensibilityGlobals) = postSolution
		SolutionGuid = {35988968-A8C2-4BCA-BF32-42BD6F566565}
	EndGlobalSection
EndGlobal
